
Microsoft Visual Studio Solution File, Format Version 12.00
# Visual Studio Version 17
VisualStudioVersion = 17.5.33502.453
MinimumVisualStudioVersion = 10.0.40219.1
Project("{FAE04EC0-301F-11D3-BF4B-00C04F79EFBC}") = "NetEventsApp", "NetEventsApp\NetEventsApp.csproj", "{BD5DD83E-E974-4CFB-833D-3867CEB25DC3}"
EndProject
Global
	GlobalSection(SolutionConfigurationPlatforms) = preSolution
		Debug|Any CPU = Debug|Any CPU
		Release|Any CPU = Release|Any CPU
	EndGlobalSection
	GlobalSection(ProjectConfigurationPlatforms) = postSolution
		{BD5DD83E-E974-4CFB-833D-3867CEB25DC3}.Debug|Any CPU.ActiveCfg = Debug|Any CPU
		{BD5DD83E-E974-4CFB-833D-3867CEB25DC3}.Debug|Any CPU.Build.0 = Debug|Any CPU
		{BD5DD83E-E974-4CFB-833D-3867CEB25DC3}.Release|Any CPU.ActiveCfg = Release|Any CPU
		{BD5DD83E-E974-4CFB-833D-3867CEB25DC3}.Release|Any CPU.Build.0 = Release|Any CPU
	EndGlobalSection
	GlobalSection(SolutionProperties) = preSolution
		HideSolutionNode = FALSE
	EndGlobalSection
	GlobalSection(ExtensibilityGlobals) = postSolution
		SolutionGuid = {3AB35D77-086C-4355-8379-CCBFEC994007}
	EndGlobalSection
EndGlobal
